// !$*UTF8*$!
{
	archiveVersion = 1;
	classes = {
	};
	objectVersion = 54;
	objects = {

/* Begin PBXBuildFile section */
		00E356F31AD99517003FC87E /* begerzTests.m in Sources */ = {isa = PBXBuildFile; fileRef = 00E356F21AD99517003FC87E /* begerzTests.m */; };
		0593C047F59643B8BBFB355A /* Poppins-Thin.ttf in Resources */ = {isa = PBXBuildFile; fileRef = EFC7720051FA47B49CCE098E /* Poppins-Thin.ttf */; };
		0C80B921A6F3F58F76C31292 /* libPods-begerz.a in Frameworks */ = {isa = PBXBuildFile; fileRef = 5DCACB8F33CDC322A6C60F78 /* libPods-begerz.a */; };
		13B07FBC1A68108700A75B9A /* AppDelegate.mm in Sources */ = {isa = PBXBuildFile; fileRef = 13B07FB01A68108700A75B9A /* AppDelegate.mm */; };
		13B07FBF1A68108700A75B9A /* Images.xcassets in Resources */ = {isa = PBXBuildFile; fileRef = 13B07FB51A68108700A75B9A /* Images.xcassets */; };
		13B07FC11A68108700A75B9A /* main.m in Sources */ = {isa = PBXBuildFile; fileRef = 13B07FB71A68108700A75B9A /* main.m */; };
		13CFEBBEDD004C70A7095E7C /* Montserrat-ExtraBoldItalic.ttf in Resources */ = {isa = PBXBuildFile; fileRef = 83CFA94FE00B443E93E6C7C2 /* Montserrat-ExtraBoldItalic.ttf */; };
		1571803D9C8242E0B7BCB6E6 /* Poppins-ExtraLight.ttf in Resources */ = {isa = PBXBuildFile; fileRef = B8D8F82A4CF4408BA1D7436C /* Poppins-ExtraLight.ttf */; };
		19B8B26503CA4CEB855C5E93 /* Mulish-LightItalic.ttf in Resources */ = {isa = PBXBuildFile; fileRef = 788F205EA8034037AE69F96A /* Mulish-LightItalic.ttf */; };
		1C506F31C2E74443BB2FA94B /* Mulish-ExtraLight.ttf in Resources */ = {isa = PBXBuildFile; fileRef = 498F1320FCE742259238CE34 /* Mulish-ExtraLight.ttf */; };
		1D7154746734498BA283156D /* Montserrat-Black.ttf in Resources */ = {isa = PBXBuildFile; fileRef = 81817E2B32BE45D0916162B3 /* Montserrat-Black.ttf */; };
		2459FC7DF89D4998A5D4BEAA /* Poppins-ExtraBoldItalic.ttf in Resources */ = {isa = PBXBuildFile; fileRef = 5BD9E3402A1544168CA2B2FA /* Poppins-ExtraBoldItalic.ttf */; };
		2464416AEBF7923B5D25C0D8 /* ExpoModulesProvider.swift in Sources */ = {isa = PBXBuildFile; fileRef = E32327C5488C522D4E4EB750 /* ExpoModulesProvider.swift */; };
		2501D6F5EE15423B9DE4170B /* Mulish-Italic-VariableFont_wght.ttf in Resources */ = {isa = PBXBuildFile; fileRef = 4B6E2B83E1A14766920115A5 /* Mulish-Italic-VariableFont_wght.ttf */; };
		296CD032BE9E4A8FBE694B70 /* Mulish-ExtraBoldItalic.ttf in Resources */ = {isa = PBXBuildFile; fileRef = 8EBB2DA638374C578C807E65 /* Mulish-ExtraBoldItalic.ttf */; };
		2B41CAA0D1C846258F4D5772 /* Mulish-ExtraBold.ttf in Resources */ = {isa = PBXBuildFile; fileRef = 8F3150C0511945C78E87A102 /* Mulish-ExtraBold.ttf */; };
		2D03D3AC3A494772AB466B36 /* Mulish-ExtraLightItalic.ttf in Resources */ = {isa = PBXBuildFile; fileRef = D429454F1EE44E0D9F8674F7 /* Mulish-ExtraLightItalic.ttf */; };
		3240B6EFD571495DBB73AB67 /* Poppins-Medium.ttf in Resources */ = {isa = PBXBuildFile; fileRef = 449A4975E2234A75BC22688C /* Poppins-Medium.ttf */; };
		36F13036E61942A3A423C1C0 /* Montserrat-SemiBold.ttf in Resources */ = {isa = PBXBuildFile; fileRef = 3CD6B49506D24ADBB97341DE /* Montserrat-SemiBold.ttf */; };
		3A9C4C166A174A4AB7537DEF /* Montserrat-Medium.ttf in Resources */ = {isa = PBXBuildFile; fileRef = 1B6303D475FC4C639B1C7F64 /* Montserrat-Medium.ttf */; };
		41BD28994E894DC5ABB2C3D1 /* Poppins-Regular.ttf in Resources */ = {isa = PBXBuildFile; fileRef = 920F9806A740468BA897FF02 /* Poppins-Regular.ttf */; };
		452DE676036149C08FBFB823 /* Mulish-Medium.ttf in Resources */ = {isa = PBXBuildFile; fileRef = 0439BEB870944169B2141A05 /* Mulish-Medium.ttf */; };
		568D95D373FA4155AEBF6F4A /* Montserrat-ThinItalic.ttf in Resources */ = {isa = PBXBuildFile; fileRef = 4B553E9DA2594B36A42A9AD6 /* Montserrat-ThinItalic.ttf */; };
		60E5DC61DA944E8DB4D3F91C /* Montserrat-Regular.ttf in Resources */ = {isa = PBXBuildFile; fileRef = 53C296A8EE2F41FBA29710FD /* Montserrat-Regular.ttf */; };
		614F9C8E49B643C6B41C2B8C /* Poppins-Italic.ttf in Resources */ = {isa = PBXBuildFile; fileRef = 18E467079B6A4BB6B0F562ED /* Poppins-Italic.ttf */; };
		630EB48B302743F6AC08FE59 /* Poppins-Black.ttf in Resources */ = {isa = PBXBuildFile; fileRef = C84845A2ED31499C93F96CA0 /* Poppins-Black.ttf */; };
		66D03CE9F3E0473AB0B1D66A /* Mulish-Bold.ttf in Resources */ = {isa = PBXBuildFile; fileRef = 2FB9E0B2CB314039BC90477E /* Mulish-Bold.ttf */; };
		682DFE285B884DE19BB6B99D /* Montserrat-BoldItalic.ttf in Resources */ = {isa = PBXBuildFile; fileRef = AD99166394FF416396B14731 /* Montserrat-BoldItalic.ttf */; };
		6C083764119D406AB6FF38CC /* Montserrat-Italic.ttf in Resources */ = {isa = PBXBuildFile; fileRef = 212B79D592F64A178F356048 /* Montserrat-Italic.ttf */; };
		6CF8DFAC48244E37A56EF439 /* Montserrat-Italic-VariableFont_wght.ttf in Resources */ = {isa = PBXBuildFile; fileRef = A39BDD647383459097A6EFE8 /* Montserrat-Italic-VariableFont_wght.ttf */; };
		75420A3238E244E3BF5B968C /* Mulish-Italic.ttf in Resources */ = {isa = PBXBuildFile; fileRef = 8321B8F7B14B4D499BD7CDAD /* Mulish-Italic.ttf */; };
		7699B88040F8A987B510C191 /* libPods-begerz-begerzTests.a in Frameworks */ = {isa = PBXBuildFile; fileRef = 19F6CBCC0A4E27FBF8BF4A61 /* libPods-begerz-begerzTests.a */; };
		78F88002A32E40E0AB9FED59 /* Poppins-MediumItalic.ttf in Resources */ = {isa = PBXBuildFile; fileRef = 560C97D03B4548A7BCEEC169 /* Poppins-MediumItalic.ttf */; };
		7A76325583854E6B9A4D44D5 /* Poppins-LightItalic.ttf in Resources */ = {isa = PBXBuildFile; fileRef = ADA9DAF5E3D3401998808252 /* Poppins-LightItalic.ttf */; };
		81AB9BB82411601600AC10FF /* LaunchScreen.storyboard in Resources */ = {isa = PBXBuildFile; fileRef = 81AB9BB72411601600AC10FF /* LaunchScreen.storyboard */; };
		8B40D445869D468486F5C54F /* Montserrat-ExtraBold.ttf in Resources */ = {isa = PBXBuildFile; fileRef = 1045A7E4712B423393186C88 /* Montserrat-ExtraBold.ttf */; };
		8C5BB87C28FA49E9AA07B32B /* Poppins-SemiBold.ttf in Resources */ = {isa = PBXBuildFile; fileRef = CB15A322EEC349A5BDBE89FF /* Poppins-SemiBold.ttf */; };
		8E1871BA8F7E45DF80650791 /* Poppins-BoldItalic.ttf in Resources */ = {isa = PBXBuildFile; fileRef = 511B0651A6CA4B3AB65035A6 /* Poppins-BoldItalic.ttf */; };
		8E5FB8BF7BCB4489B988DE01 /* Montserrat-VariableFont_wght.ttf in Resources */ = {isa = PBXBuildFile; fileRef = 8C8D39C54A2C45BD8914B85D /* Montserrat-VariableFont_wght.ttf */; };
		8F626F4641CB43438BE25950 /* Montserrat-BlackItalic.ttf in Resources */ = {isa = PBXBuildFile; fileRef = 5543D423B75D4C34941120F0 /* Montserrat-BlackItalic.ttf */; };
		9C684D18D1604512A8282D32 /* Montserrat-Thin.ttf in Resources */ = {isa = PBXBuildFile; fileRef = 0AE8FEE77E1C4D66AFF8115A /* Montserrat-Thin.ttf */; };
		9CC835F550CF4B21A504B999 /* Mulish-MediumItalic.ttf in Resources */ = {isa = PBXBuildFile; fileRef = 4B6D34D89FF940DAB239BF38 /* Mulish-MediumItalic.ttf */; };
		A15D7542440646CCB4A06ED6 /* Poppins-ThinItalic.ttf in Resources */ = {isa = PBXBuildFile; fileRef = 7125566326ED45C28C3A0E4C /* Poppins-ThinItalic.ttf */; };
		A4BBC2F1956D4ECDBF36C730 /* Mulish-Black.ttf in Resources */ = {isa = PBXBuildFile; fileRef = B62483E0DF2444F3843D4BDD /* Mulish-Black.ttf */; };
		AF2728A4200B4E72A25235AD /* Montserrat-Light.ttf in Resources */ = {isa = PBXBuildFile; fileRef = 457D945129034889B6293CCE /* Montserrat-Light.ttf */; };
		B587576EDF5F401FBC052105 /* Mulish-Light.ttf in Resources */ = {isa = PBXBuildFile; fileRef = F4C339EA8F00420797710F07 /* Mulish-Light.ttf */; };
		BB8A5A94EAE440E0AF80E1BB /* Montserrat-SemiBoldItalic.ttf in Resources */ = {isa = PBXBuildFile; fileRef = 18A95C8F55B34497BDC57B03 /* Montserrat-SemiBoldItalic.ttf */; };
		C0DB3299780A470DBBE7CBB5 /* Mulish-Regular.ttf in Resources */ = {isa = PBXBuildFile; fileRef = 3058DF834A1D43B599BD262F /* Mulish-Regular.ttf */; };
		CD2CCE7A87D94DDCB3913BC3 /* Poppins-Bold.ttf in Resources */ = {isa = PBXBuildFile; fileRef = B77D9CDABA224BBFB9F64293 /* Poppins-Bold.ttf */; };
		D8FB37F65C1547EBB4813E3F /* Montserrat-Bold.ttf in Resources */ = {isa = PBXBuildFile; fileRef = C16BDE96F0D24E4B8CD86D2B /* Montserrat-Bold.ttf */; };
		DA23827335394657B668A9E6 /* Poppins-SemiBoldItalic.ttf in Resources */ = {isa = PBXBuildFile; fileRef = C958367B5B00406BB9C399F8 /* Poppins-SemiBoldItalic.ttf */; };
		DC920D9199AD4E618347D5B5 /* Mulish-BoldItalic.ttf in Resources */ = {isa = PBXBuildFile; fileRef = 968BAE1C500C4AC884A2D416 /* Mulish-BoldItalic.ttf */; };
		DCC331E75B5644A4B2649E56 /* Mulish-SemiBoldItalic.ttf in Resources */ = {isa = PBXBuildFile; fileRef = 6468D5B8373A4499A1DFDED2 /* Mulish-SemiBoldItalic.ttf */; };
		E19B5CEDD263CF0C1A47FDAE /* ExpoModulesProvider.swift in Sources */ = {isa = PBXBuildFile; fileRef = 3DA9D22CB524EC401906E8E1 /* ExpoModulesProvider.swift */; };
		E338E382F8284F20A70E093C /* Poppins-Light.ttf in Resources */ = {isa = PBXBuildFile; fileRef = 3D3919E796CA42649695B3EB /* Poppins-Light.ttf */; };
		E3BEE1700CBB4EBB8F2138F8 /* Mulish-VariableFont_wght.ttf in Resources */ = {isa = PBXBuildFile; fileRef = E2BC4E8CEACB4E0482681F24 /* Mulish-VariableFont_wght.ttf */; };
		ED746095AA554CEDA09B0F5D /* Mulish-BlackItalic.ttf in Resources */ = {isa = PBXBuildFile; fileRef = 2C4FE82E20204E83A5C2366D /* Mulish-BlackItalic.ttf */; };
		EE1A8C21DCBA4C2283CD754A /* Montserrat-MediumItalic.ttf in Resources */ = {isa = PBXBuildFile; fileRef = E374BA91C3A141738E332A3D /* Montserrat-MediumItalic.ttf */; };
		EEA7542CF82D4150BA8532A7 /* Montserrat-ExtraLightItalic.ttf in Resources */ = {isa = PBXBuildFile; fileRef = E828714E061D46DA9CFCC494 /* Montserrat-ExtraLightItalic.ttf */; };
		F75CC47CB6B04E8BA80C3AE7 /* Montserrat-ExtraLight.ttf in Resources */ = {isa = PBXBuildFile; fileRef = EE26B513DF264658B865BEB5 /* Montserrat-ExtraLight.ttf */; };
		F7E948049B534D06BE4BCCB1 /* Poppins-ExtraBold.ttf in Resources */ = {isa = PBXBuildFile; fileRef = CE2DD472EF3140A8AFC7D8E5 /* Poppins-ExtraBold.ttf */; };
		FC28D23DF3D1467EA6BF00BF /* Mulish-SemiBold.ttf in Resources */ = {isa = PBXBuildFile; fileRef = 995D5D33329E4D5FA59BE935 /* Mulish-SemiBold.ttf */; };
		FDFCAB49844E49F3BE340A87 /* Poppins-BlackItalic.ttf in Resources */ = {isa = PBXBuildFile; fileRef = AEE850C395A342A08C2D1E0C /* Poppins-BlackItalic.ttf */; };
		FE174A5257F048B4BFE41BD9 /* Poppins-ExtraLightItalic.ttf in Resources */ = {isa = PBXBuildFile; fileRef = 93868A8804D74FACAAACC59B /* Poppins-ExtraLightItalic.ttf */; };
		FF61A47573E9429C9BF15F5B /* Montserrat-LightItalic.ttf in Resources */ = {isa = PBXBuildFile; fileRef = 98417DAB32C04345AE329401 /* Montserrat-LightItalic.ttf */; };
/* End PBXBuildFile section */

/* Begin PBXContainerItemProxy section */
		00E356F41AD99517003FC87E /* PBXContainerItemProxy */ = {
			isa = PBXContainerItemProxy;
			containerPortal = 83CBB9F71A601CBA00E9B192 /* Project object */;
			proxyType = 1;
			remoteGlobalIDString = 13B07F861A680F5B00A75B9A;
			remoteInfo = begerz;
		};
/* End PBXContainerItemProxy section */

/* Begin PBXFileReference section */
		00E356EE1AD99517003FC87E /* begerzTests.xctest */ = {isa = PBXFileReference; explicitFileType = wrapper.cfbundle; includeInIndex = 0; path = begerzTests.xctest; sourceTree = BUILT_PRODUCTS_DIR; };
		00E356F11AD99517003FC87E /* Info.plist */ = {isa = PBXFileReference; lastKnownFileType = text.plist.xml; path = Info.plist; sourceTree = "<group>"; };
		00E356F21AD99517003FC87E /* begerzTests.m */ = {isa = PBXFileReference; lastKnownFileType = sourcecode.c.objc; path = begerzTests.m; sourceTree = "<group>"; };
		0439BEB870944169B2141A05 /* Mulish-Medium.ttf */ = {isa = PBXFileReference; explicitFileType = undefined; fileEncoding = 9; includeInIndex = 0; lastKnownFileType = unknown; name = "Mulish-Medium.ttf"; path = "../src/assets/fonts/Mulish/Mulish-Medium.ttf"; sourceTree = "<group>"; };
		0AE8FEE77E1C4D66AFF8115A /* Montserrat-Thin.ttf */ = {isa = PBXFileReference; explicitFileType = undefined; fileEncoding = 9; includeInIndex = 0; lastKnownFileType = unknown; name = "Montserrat-Thin.ttf"; path = "../src/assets/fonts/Montserrat/Montserrat-Thin.ttf"; sourceTree = "<group>"; };
		1045A7E4712B423393186C88 /* Montserrat-ExtraBold.ttf */ = {isa = PBXFileReference; explicitFileType = undefined; fileEncoding = 9; includeInIndex = 0; lastKnownFileType = unknown; name = "Montserrat-ExtraBold.ttf"; path = "../src/assets/fonts/Montserrat/Montserrat-ExtraBold.ttf"; sourceTree = "<group>"; };
		13B07F961A680F5B00A75B9A /* begerz.app */ = {isa = PBXFileReference; explicitFileType = wrapper.application; includeInIndex = 0; path = begerz.app; sourceTree = BUILT_PRODUCTS_DIR; };
		13B07FAF1A68108700A75B9A /* AppDelegate.h */ = {isa = PBXFileReference; fileEncoding = 4; lastKnownFileType = sourcecode.c.h; name = AppDelegate.h; path = begerz/AppDelegate.h; sourceTree = "<group>"; };
		13B07FB01A68108700A75B9A /* AppDelegate.mm */ = {isa = PBXFileReference; fileEncoding = 4; lastKnownFileType = sourcecode.cpp.objcpp; name = AppDelegate.mm; path = begerz/AppDelegate.mm; sourceTree = "<group>"; };
		13B07FB51A68108700A75B9A /* Images.xcassets */ = {isa = PBXFileReference; lastKnownFileType = folder.assetcatalog; name = Images.xcassets; path = begerz/Images.xcassets; sourceTree = "<group>"; };
		13B07FB61A68108700A75B9A /* Info.plist */ = {isa = PBXFileReference; fileEncoding = 4; lastKnownFileType = text.plist.xml; name = Info.plist; path = begerz/Info.plist; sourceTree = "<group>"; };
		13B07FB71A68108700A75B9A /* main.m */ = {isa = PBXFileReference; fileEncoding = 4; lastKnownFileType = sourcecode.c.objc; name = main.m; path = begerz/main.m; sourceTree = "<group>"; };
		18A95C8F55B34497BDC57B03 /* Montserrat-SemiBoldItalic.ttf */ = {isa = PBXFileReference; explicitFileType = undefined; fileEncoding = 9; includeInIndex = 0; lastKnownFileType = unknown; name = "Montserrat-SemiBoldItalic.ttf"; path = "../src/assets/fonts/Montserrat/Montserrat-SemiBoldItalic.ttf"; sourceTree = "<group>"; };
		18E467079B6A4BB6B0F562ED /* Poppins-Italic.ttf */ = {isa = PBXFileReference; explicitFileType = undefined; fileEncoding = 9; includeInIndex = 0; lastKnownFileType = unknown; name = "Poppins-Italic.ttf"; path = "../src/assets/fonts/Poppins/Poppins-Italic.ttf"; sourceTree = "<group>"; };
		19F6CBCC0A4E27FBF8BF4A61 /* libPods-begerz-begerzTests.a */ = {isa = PBXFileReference; explicitFileType = archive.ar; includeInIndex = 0; path = "libPods-begerz-begerzTests.a"; sourceTree = BUILT_PRODUCTS_DIR; };
		1B6303D475FC4C639B1C7F64 /* Montserrat-Medium.ttf */ = {isa = PBXFileReference; explicitFileType = undefined; fileEncoding = 9; includeInIndex = 0; lastKnownFileType = unknown; name = "Montserrat-Medium.ttf"; path = "../src/assets/fonts/Montserrat/Montserrat-Medium.ttf"; sourceTree = "<group>"; };
		212B79D592F64A178F356048 /* Montserrat-Italic.ttf */ = {isa = PBXFileReference; explicitFileType = undefined; fileEncoding = 9; includeInIndex = 0; lastKnownFileType = unknown; name = "Montserrat-Italic.ttf"; path = "../src/assets/fonts/Montserrat/Montserrat-Italic.ttf"; sourceTree = "<group>"; };
		2C4FE82E20204E83A5C2366D /* Mulish-BlackItalic.ttf */ = {isa = PBXFileReference; explicitFileType = undefined; fileEncoding = 9; includeInIndex = 0; lastKnownFileType = unknown; name = "Mulish-BlackItalic.ttf"; path = "../src/assets/fonts/Mulish/Mulish-BlackItalic.ttf"; sourceTree = "<group>"; };
		2FB9E0B2CB314039BC90477E /* Mulish-Bold.ttf */ = {isa = PBXFileReference; explicitFileType = undefined; fileEncoding = 9; includeInIndex = 0; lastKnownFileType = unknown; name = "Mulish-Bold.ttf"; path = "../src/assets/fonts/Mulish/Mulish-Bold.ttf"; sourceTree = "<group>"; };
		3058DF834A1D43B599BD262F /* Mulish-Regular.ttf */ = {isa = PBXFileReference; explicitFileType = undefined; fileEncoding = 9; includeInIndex = 0; lastKnownFileType = unknown; name = "Mulish-Regular.ttf"; path = "../src/assets/fonts/Mulish/Mulish-Regular.ttf"; sourceTree = "<group>"; };
		3B4392A12AC88292D35C810B /* Pods-begerz.debug.xcconfig */ = {isa = PBXFileReference; includeInIndex = 1; lastKnownFileType = text.xcconfig; name = "Pods-begerz.debug.xcconfig"; path = "Target Support Files/Pods-begerz/Pods-begerz.debug.xcconfig"; sourceTree = "<group>"; };
		3CD6B49506D24ADBB97341DE /* Montserrat-SemiBold.ttf */ = {isa = PBXFileReference; explicitFileType = undefined; fileEncoding = 9; includeInIndex = 0; lastKnownFileType = unknown; name = "Montserrat-SemiBold.ttf"; path = "../src/assets/fonts/Montserrat/Montserrat-SemiBold.ttf"; sourceTree = "<group>"; };
		3D3919E796CA42649695B3EB /* Poppins-Light.ttf */ = {isa = PBXFileReference; explicitFileType = undefined; fileEncoding = 9; includeInIndex = 0; lastKnownFileType = unknown; name = "Poppins-Light.ttf"; path = "../src/assets/fonts/Poppins/Poppins-Light.ttf"; sourceTree = "<group>"; };
		3DA9D22CB524EC401906E8E1 /* ExpoModulesProvider.swift */ = {isa = PBXFileReference; includeInIndex = 1; lastKnownFileType = sourcecode.swift; name = ExpoModulesProvider.swift; path = "Pods/Target Support Files/Pods-begerz-begerzTests/ExpoModulesProvider.swift"; sourceTree = "<group>"; };
		449A4975E2234A75BC22688C /* Poppins-Medium.ttf */ = {isa = PBXFileReference; explicitFileType = undefined; fileEncoding = 9; includeInIndex = 0; lastKnownFileType = unknown; name = "Poppins-Medium.ttf"; path = "../src/assets/fonts/Poppins/Poppins-Medium.ttf"; sourceTree = "<group>"; };
		457D945129034889B6293CCE /* Montserrat-Light.ttf */ = {isa = PBXFileReference; explicitFileType = undefined; fileEncoding = 9; includeInIndex = 0; lastKnownFileType = unknown; name = "Montserrat-Light.ttf"; path = "../src/assets/fonts/Montserrat/Montserrat-Light.ttf"; sourceTree = "<group>"; };
		498F1320FCE742259238CE34 /* Mulish-ExtraLight.ttf */ = {isa = PBXFileReference; explicitFileType = undefined; fileEncoding = 9; includeInIndex = 0; lastKnownFileType = unknown; name = "Mulish-ExtraLight.ttf"; path = "../src/assets/fonts/Mulish/Mulish-ExtraLight.ttf"; sourceTree = "<group>"; };
		4B553E9DA2594B36A42A9AD6 /* Montserrat-ThinItalic.ttf */ = {isa = PBXFileReference; explicitFileType = undefined; fileEncoding = 9; includeInIndex = 0; lastKnownFileType = unknown; name = "Montserrat-ThinItalic.ttf"; path = "../src/assets/fonts/Montserrat/Montserrat-ThinItalic.ttf"; sourceTree = "<group>"; };
		4B6D34D89FF940DAB239BF38 /* Mulish-MediumItalic.ttf */ = {isa = PBXFileReference; explicitFileType = undefined; fileEncoding = 9; includeInIndex = 0; lastKnownFileType = unknown; name = "Mulish-MediumItalic.ttf"; path = "../src/assets/fonts/Mulish/Mulish-MediumItalic.ttf"; sourceTree = "<group>"; };
		4B6E2B83E1A14766920115A5 /* Mulish-Italic-VariableFont_wght.ttf */ = {isa = PBXFileReference; explicitFileType = undefined; fileEncoding = 9; includeInIndex = 0; lastKnownFileType = unknown; name = "Mulish-Italic-VariableFont_wght.ttf"; path = "../src/assets/fonts/Mulish/Mulish-Italic-VariableFont_wght.ttf"; sourceTree = "<group>"; };
		511B0651A6CA4B3AB65035A6 /* Poppins-BoldItalic.ttf */ = {isa = PBXFileReference; explicitFileType = undefined; fileEncoding = 9; includeInIndex = 0; lastKnownFileType = unknown; name = "Poppins-BoldItalic.ttf"; path = "../src/assets/fonts/Poppins/Poppins-BoldItalic.ttf"; sourceTree = "<group>"; };
		53C296A8EE2F41FBA29710FD /* Montserrat-Regular.ttf */ = {isa = PBXFileReference; explicitFileType = undefined; fileEncoding = 9; includeInIndex = 0; lastKnownFileType = unknown; name = "Montserrat-Regular.ttf"; path = "../src/assets/fonts/Montserrat/Montserrat-Regular.ttf"; sourceTree = "<group>"; };
		5543D423B75D4C34941120F0 /* Montserrat-BlackItalic.ttf */ = {isa = PBXFileReference; explicitFileType = undefined; fileEncoding = 9; includeInIndex = 0; lastKnownFileType = unknown; name = "Montserrat-BlackItalic.ttf"; path = "../src/assets/fonts/Montserrat/Montserrat-BlackItalic.ttf"; sourceTree = "<group>"; };
		560C97D03B4548A7BCEEC169 /* Poppins-MediumItalic.ttf */ = {isa = PBXFileReference; explicitFileType = undefined; fileEncoding = 9; includeInIndex = 0; lastKnownFileType = unknown; name = "Poppins-MediumItalic.ttf"; path = "../src/assets/fonts/Poppins/Poppins-MediumItalic.ttf"; sourceTree = "<group>"; };
		5709B34CF0A7D63546082F79 /* Pods-begerz.release.xcconfig */ = {isa = PBXFileReference; includeInIndex = 1; lastKnownFileType = text.xcconfig; name = "Pods-begerz.release.xcconfig"; path = "Target Support Files/Pods-begerz/Pods-begerz.release.xcconfig"; sourceTree = "<group>"; };
		5B7EB9410499542E8C5724F5 /* Pods-begerz-begerzTests.debug.xcconfig */ = {isa = PBXFileReference; includeInIndex = 1; lastKnownFileType = text.xcconfig; name = "Pods-begerz-begerzTests.debug.xcconfig"; path = "Target Support Files/Pods-begerz-begerzTests/Pods-begerz-begerzTests.debug.xcconfig"; sourceTree = "<group>"; };
		5BD9E3402A1544168CA2B2FA /* Poppins-ExtraBoldItalic.ttf */ = {isa = PBXFileReference; explicitFileType = undefined; fileEncoding = 9; includeInIndex = 0; lastKnownFileType = unknown; name = "Poppins-ExtraBoldItalic.ttf"; path = "../src/assets/fonts/Poppins/Poppins-ExtraBoldItalic.ttf"; sourceTree = "<group>"; };
		5DCACB8F33CDC322A6C60F78 /* libPods-begerz.a */ = {isa = PBXFileReference; explicitFileType = archive.ar; includeInIndex = 0; path = "libPods-begerz.a"; sourceTree = BUILT_PRODUCTS_DIR; };
		6468D5B8373A4499A1DFDED2 /* Mulish-SemiBoldItalic.ttf */ = {isa = PBXFileReference; explicitFileType = undefined; fileEncoding = 9; includeInIndex = 0; lastKnownFileType = unknown; name = "Mulish-SemiBoldItalic.ttf"; path = "../src/assets/fonts/Mulish/Mulish-SemiBoldItalic.ttf"; sourceTree = "<group>"; };
		7125566326ED45C28C3A0E4C /* Poppins-ThinItalic.ttf */ = {isa = PBXFileReference; explicitFileType = undefined; fileEncoding = 9; includeInIndex = 0; lastKnownFileType = unknown; name = "Poppins-ThinItalic.ttf"; path = "../src/assets/fonts/Poppins/Poppins-ThinItalic.ttf"; sourceTree = "<group>"; };
		788F205EA8034037AE69F96A /* Mulish-LightItalic.ttf */ = {isa = PBXFileReference; explicitFileType = undefined; fileEncoding = 9; includeInIndex = 0; lastKnownFileType = unknown; name = "Mulish-LightItalic.ttf"; path = "../src/assets/fonts/Mulish/Mulish-LightItalic.ttf"; sourceTree = "<group>"; };
		81817E2B32BE45D0916162B3 /* Montserrat-Black.ttf */ = {isa = PBXFileReference; explicitFileType = undefined; fileEncoding = 9; includeInIndex = 0; lastKnownFileType = unknown; name = "Montserrat-Black.ttf"; path = "../src/assets/fonts/Montserrat/Montserrat-Black.ttf"; sourceTree = "<group>"; };
		81AB9BB72411601600AC10FF /* LaunchScreen.storyboard */ = {isa = PBXFileReference; fileEncoding = 4; lastKnownFileType = file.storyboard; name = LaunchScreen.storyboard; path = begerz/LaunchScreen.storyboard; sourceTree = "<group>"; };
		8321B8F7B14B4D499BD7CDAD /* Mulish-Italic.ttf */ = {isa = PBXFileReference; explicitFileType = undefined; fileEncoding = 9; includeInIndex = 0; lastKnownFileType = unknown; name = "Mulish-Italic.ttf"; path = "../src/assets/fonts/Mulish/Mulish-Italic.ttf"; sourceTree = "<group>"; };
		83CFA94FE00B443E93E6C7C2 /* Montserrat-ExtraBoldItalic.ttf */ = {isa = PBXFileReference; explicitFileType = undefined; fileEncoding = 9; includeInIndex = 0; lastKnownFileType = unknown; name = "Montserrat-ExtraBoldItalic.ttf"; path = "../src/assets/fonts/Montserrat/Montserrat-ExtraBoldItalic.ttf"; sourceTree = "<group>"; };
		89C6BE57DB24E9ADA2F236DE /* Pods-begerz-begerzTests.release.xcconfig */ = {isa = PBXFileReference; includeInIndex = 1; lastKnownFileType = text.xcconfig; name = "Pods-begerz-begerzTests.release.xcconfig"; path = "Target Support Files/Pods-begerz-begerzTests/Pods-begerz-begerzTests.release.xcconfig"; sourceTree = "<group>"; };
		8C8D39C54A2C45BD8914B85D /* Montserrat-VariableFont_wght.ttf */ = {isa = PBXFileReference; explicitFileType = undefined; fileEncoding = 9; includeInIndex = 0; lastKnownFileType = unknown; name = "Montserrat-VariableFont_wght.ttf"; path = "../src/assets/fonts/Montserrat/Montserrat-VariableFont_wght.ttf"; sourceTree = "<group>"; };
		8EBB2DA638374C578C807E65 /* Mulish-ExtraBoldItalic.ttf */ = {isa = PBXFileReference; explicitFileType = undefined; fileEncoding = 9; includeInIndex = 0; lastKnownFileType = unknown; name = "Mulish-ExtraBoldItalic.ttf"; path = "../src/assets/fonts/Mulish/Mulish-ExtraBoldItalic.ttf"; sourceTree = "<group>"; };
		8F3150C0511945C78E87A102 /* Mulish-ExtraBold.ttf */ = {isa = PBXFileReference; explicitFileType = undefined; fileEncoding = 9; includeInIndex = 0; lastKnownFileType = unknown; name = "Mulish-ExtraBold.ttf"; path = "../src/assets/fonts/Mulish/Mulish-ExtraBold.ttf"; sourceTree = "<group>"; };
		920F9806A740468BA897FF02 /* Poppins-Regular.ttf */ = {isa = PBXFileReference; explicitFileType = undefined; fileEncoding = 9; includeInIndex = 0; lastKnownFileType = unknown; name = "Poppins-Regular.ttf"; path = "../src/assets/fonts/Poppins/Poppins-Regular.ttf"; sourceTree = "<group>"; };
		93868A8804D74FACAAACC59B /* Poppins-ExtraLightItalic.ttf */ = {isa = PBXFileReference; explicitFileType = undefined; fileEncoding = 9; includeInIndex = 0; lastKnownFileType = unknown; name = "Poppins-ExtraLightItalic.ttf"; path = "../src/assets/fonts/Poppins/Poppins-ExtraLightItalic.ttf"; sourceTree = "<group>"; };
		968BAE1C500C4AC884A2D416 /* Mulish-BoldItalic.ttf */ = {isa = PBXFileReference; explicitFileType = undefined; fileEncoding = 9; includeInIndex = 0; lastKnownFileType = unknown; name = "Mulish-BoldItalic.ttf"; path = "../src/assets/fonts/Mulish/Mulish-BoldItalic.ttf"; sourceTree = "<group>"; };
		98417DAB32C04345AE329401 /* Montserrat-LightItalic.ttf */ = {isa = PBXFileReference; explicitFileType = undefined; fileEncoding = 9; includeInIndex = 0; lastKnownFileType = unknown; name = "Montserrat-LightItalic.ttf"; path = "../src/assets/fonts/Montserrat/Montserrat-LightItalic.ttf"; sourceTree = "<group>"; };
		995D5D33329E4D5FA59BE935 /* Mulish-SemiBold.ttf */ = {isa = PBXFileReference; explicitFileType = undefined; fileEncoding = 9; includeInIndex = 0; lastKnownFileType = unknown; name = "Mulish-SemiBold.ttf"; path = "../src/assets/fonts/Mulish/Mulish-SemiBold.ttf"; sourceTree = "<group>"; };
		A39BDD647383459097A6EFE8 /* Montserrat-Italic-VariableFont_wght.ttf */ = {isa = PBXFileReference; explicitFileType = undefined; fileEncoding = 9; includeInIndex = 0; lastKnownFileType = unknown; name = "Montserrat-Italic-VariableFont_wght.ttf"; path = "../src/assets/fonts/Montserrat/Montserrat-Italic-VariableFont_wght.ttf"; sourceTree = "<group>"; };
		AD99166394FF416396B14731 /* Montserrat-BoldItalic.ttf */ = {isa = PBXFileReference; explicitFileType = undefined; fileEncoding = 9; includeInIndex = 0; lastKnownFileType = unknown; name = "Montserrat-BoldItalic.ttf"; path = "../src/assets/fonts/Montserrat/Montserrat-BoldItalic.ttf"; sourceTree = "<group>"; };
		ADA9DAF5E3D3401998808252 /* Poppins-LightItalic.ttf */ = {isa = PBXFileReference; explicitFileType = undefined; fileEncoding = 9; includeInIndex = 0; lastKnownFileType = unknown; name = "Poppins-LightItalic.ttf"; path = "../src/assets/fonts/Poppins/Poppins-LightItalic.ttf"; sourceTree = "<group>"; };
		AEE850C395A342A08C2D1E0C /* Poppins-BlackItalic.ttf */ = {isa = PBXFileReference; explicitFileType = undefined; fileEncoding = 9; includeInIndex = 0; lastKnownFileType = unknown; name = "Poppins-BlackItalic.ttf"; path = "../src/assets/fonts/Poppins/Poppins-BlackItalic.ttf"; sourceTree = "<group>"; };
		B62483E0DF2444F3843D4BDD /* Mulish-Black.ttf */ = {isa = PBXFileReference; explicitFileType = undefined; fileEncoding = 9; includeInIndex = 0; lastKnownFileType = unknown; name = "Mulish-Black.ttf"; path = "../src/assets/fonts/Mulish/Mulish-Black.ttf"; sourceTree = "<group>"; };
		B77D9CDABA224BBFB9F64293 /* Poppins-Bold.ttf */ = {isa = PBXFileReference; explicitFileType = undefined; fileEncoding = 9; includeInIndex = 0; lastKnownFileType = unknown; name = "Poppins-Bold.ttf"; path = "../src/assets/fonts/Poppins/Poppins-Bold.ttf"; sourceTree = "<group>"; };
		B8D8F82A4CF4408BA1D7436C /* Poppins-ExtraLight.ttf */ = {isa = PBXFileReference; explicitFileType = undefined; fileEncoding = 9; includeInIndex = 0; lastKnownFileType = unknown; name = "Poppins-ExtraLight.ttf"; path = "../src/assets/fonts/Poppins/Poppins-ExtraLight.ttf"; sourceTree = "<group>"; };
		C16BDE96F0D24E4B8CD86D2B /* Montserrat-Bold.ttf */ = {isa = PBXFileReference; explicitFileType = undefined; fileEncoding = 9; includeInIndex = 0; lastKnownFileType = unknown; name = "Montserrat-Bold.ttf"; path = "../src/assets/fonts/Montserrat/Montserrat-Bold.ttf"; sourceTree = "<group>"; };
		C84845A2ED31499C93F96CA0 /* Poppins-Black.ttf */ = {isa = PBXFileReference; explicitFileType = undefined; fileEncoding = 9; includeInIndex = 0; lastKnownFileType = unknown; name = "Poppins-Black.ttf"; path = "../src/assets/fonts/Poppins/Poppins-Black.ttf"; sourceTree = "<group>"; };
		C958367B5B00406BB9C399F8 /* Poppins-SemiBoldItalic.ttf */ = {isa = PBXFileReference; explicitFileType = undefined; fileEncoding = 9; includeInIndex = 0; lastKnownFileType = unknown; name = "Poppins-SemiBoldItalic.ttf"; path = "../src/assets/fonts/Poppins/Poppins-SemiBoldItalic.ttf"; sourceTree = "<group>"; };
		CB15A322EEC349A5BDBE89FF /* Poppins-SemiBold.ttf */ = {isa = PBXFileReference; explicitFileType = undefined; fileEncoding = 9; includeInIndex = 0; lastKnownFileType = unknown; name = "Poppins-SemiBold.ttf"; path = "../src/assets/fonts/Poppins/Poppins-SemiBold.ttf"; sourceTree = "<group>"; };
		CE2DD472EF3140A8AFC7D8E5 /* Poppins-ExtraBold.ttf */ = {isa = PBXFileReference; explicitFileType = undefined; fileEncoding = 9; includeInIndex = 0; lastKnownFileType = unknown; name = "Poppins-ExtraBold.ttf"; path = "../src/assets/fonts/Poppins/Poppins-ExtraBold.ttf"; sourceTree = "<group>"; };
		D429454F1EE44E0D9F8674F7 /* Mulish-ExtraLightItalic.ttf */ = {isa = PBXFileReference; explicitFileType = undefined; fileEncoding = 9; includeInIndex = 0; lastKnownFileType = unknown; name = "Mulish-ExtraLightItalic.ttf"; path = "../src/assets/fonts/Mulish/Mulish-ExtraLightItalic.ttf"; sourceTree = "<group>"; };
		E2BC4E8CEACB4E0482681F24 /* Mulish-VariableFont_wght.ttf */ = {isa = PBXFileReference; explicitFileType = undefined; fileEncoding = 9; includeInIndex = 0; lastKnownFileType = unknown; name = "Mulish-VariableFont_wght.ttf"; path = "../src/assets/fonts/Mulish/Mulish-VariableFont_wght.ttf"; sourceTree = "<group>"; };
		E32327C5488C522D4E4EB750 /* ExpoModulesProvider.swift */ = {isa = PBXFileReference; includeInIndex = 1; lastKnownFileType = sourcecode.swift; name = ExpoModulesProvider.swift; path = "Pods/Target Support Files/Pods-begerz/ExpoModulesProvider.swift"; sourceTree = "<group>"; };
		E374BA91C3A141738E332A3D /* Montserrat-MediumItalic.ttf */ = {isa = PBXFileReference; explicitFileType = undefined; fileEncoding = 9; includeInIndex = 0; lastKnownFileType = unknown; name = "Montserrat-MediumItalic.ttf"; path = "../src/assets/fonts/Montserrat/Montserrat-MediumItalic.ttf"; sourceTree = "<group>"; };
		E828714E061D46DA9CFCC494 /* Montserrat-ExtraLightItalic.ttf */ = {isa = PBXFileReference; explicitFileType = undefined; fileEncoding = 9; includeInIndex = 0; lastKnownFileType = unknown; name = "Montserrat-ExtraLightItalic.ttf"; path = "../src/assets/fonts/Montserrat/Montserrat-ExtraLightItalic.ttf"; sourceTree = "<group>"; };
		ED297162215061F000B7C4FE /* JavaScriptCore.framework */ = {isa = PBXFileReference; lastKnownFileType = wrapper.framework; name = JavaScriptCore.framework; path = System/Library/Frameworks/JavaScriptCore.framework; sourceTree = SDKROOT; };
		EE26B513DF264658B865BEB5 /* Montserrat-ExtraLight.ttf */ = {isa = PBXFileReference; explicitFileType = undefined; fileEncoding = 9; includeInIndex = 0; lastKnownFileType = unknown; name = "Montserrat-ExtraLight.ttf"; path = "../src/assets/fonts/Montserrat/Montserrat-ExtraLight.ttf"; sourceTree = "<group>"; };
		EFC7720051FA47B49CCE098E /* Poppins-Thin.ttf */ = {isa = PBXFileReference; explicitFileType = undefined; fileEncoding = 9; includeInIndex = 0; lastKnownFileType = unknown; name = "Poppins-Thin.ttf"; path = "../src/assets/fonts/Poppins/Poppins-Thin.ttf"; sourceTree = "<group>"; };
		F4C339EA8F00420797710F07 /* Mulish-Light.ttf */ = {isa = PBXFileReference; explicitFileType = undefined; fileEncoding = 9; includeInIndex = 0; lastKnownFileType = unknown; name = "Mulish-Light.ttf"; path = "../src/assets/fonts/Mulish/Mulish-Light.ttf"; sourceTree = "<group>"; };
/* End PBXFileReference section */

/* Begin PBXFrameworksBuildPhase section */
		00E356EB1AD99517003FC87E /* Frameworks */ = {
			isa = PBXFrameworksBuildPhase;
			buildActionMask = 2147483647;
			files = (
				7699B88040F8A987B510C191 /* libPods-begerz-begerzTests.a in Frameworks */,
			);
			runOnlyForDeploymentPostprocessing = 0;
		};
		13B07F8C1A680F5B00A75B9A /* Frameworks */ = {
			isa = PBXFrameworksBuildPhase;
			buildActionMask = 2147483647;
			files = (
				0C80B921A6F3F58F76C31292 /* libPods-begerz.a in Frameworks */,
			);
			runOnlyForDeploymentPostprocessing = 0;
		};
/* End PBXFrameworksBuildPhase section */

/* Begin PBXGroup section */
		00E356EF1AD99517003FC87E /* begerzTests */ = {
			isa = PBXGroup;
			children = (
				00E356F21AD99517003FC87E /* begerzTests.m */,
				00E356F01AD99517003FC87E /* Supporting Files */,
			);
			path = begerzTests;
			sourceTree = "<group>";
		};
		00E356F01AD99517003FC87E /* Supporting Files */ = {
			isa = PBXGroup;
			children = (
				00E356F11AD99517003FC87E /* Info.plist */,
			);
			name = "Supporting Files";
			sourceTree = "<group>";
		};
		13B07FAE1A68108700A75B9A /* begerz */ = {
			isa = PBXGroup;
			children = (
				13B07FAF1A68108700A75B9A /* AppDelegate.h */,
				13B07FB01A68108700A75B9A /* AppDelegate.mm */,
				13B07FB51A68108700A75B9A /* Images.xcassets */,
				13B07FB61A68108700A75B9A /* Info.plist */,
				81AB9BB72411601600AC10FF /* LaunchScreen.storyboard */,
				13B07FB71A68108700A75B9A /* main.m */,
			);
			name = begerz;
			sourceTree = "<group>";
		};
		256258172B86474DB53F0283 /* Resources */ = {
			isa = PBXGroup;
			children = (
				B62483E0DF2444F3843D4BDD /* Mulish-Black.ttf */,
				2C4FE82E20204E83A5C2366D /* Mulish-BlackItalic.ttf */,
				2FB9E0B2CB314039BC90477E /* Mulish-Bold.ttf */,
				968BAE1C500C4AC884A2D416 /* Mulish-BoldItalic.ttf */,
				8F3150C0511945C78E87A102 /* Mulish-ExtraBold.ttf */,
				8EBB2DA638374C578C807E65 /* Mulish-ExtraBoldItalic.ttf */,
				498F1320FCE742259238CE34 /* Mulish-ExtraLight.ttf */,
				D429454F1EE44E0D9F8674F7 /* Mulish-ExtraLightItalic.ttf */,
				4B6E2B83E1A14766920115A5 /* Mulish-Italic-VariableFont_wght.ttf */,
				8321B8F7B14B4D499BD7CDAD /* Mulish-Italic.ttf */,
				F4C339EA8F00420797710F07 /* Mulish-Light.ttf */,
				788F205EA8034037AE69F96A /* Mulish-LightItalic.ttf */,
				0439BEB870944169B2141A05 /* Mulish-Medium.ttf */,
				4B6D34D89FF940DAB239BF38 /* Mulish-MediumItalic.ttf */,
				3058DF834A1D43B599BD262F /* Mulish-Regular.ttf */,
				995D5D33329E4D5FA59BE935 /* Mulish-SemiBold.ttf */,
				6468D5B8373A4499A1DFDED2 /* Mulish-SemiBoldItalic.ttf */,
				E2BC4E8CEACB4E0482681F24 /* Mulish-VariableFont_wght.ttf */,
				C84845A2ED31499C93F96CA0 /* Poppins-Black.ttf */,
				AEE850C395A342A08C2D1E0C /* Poppins-BlackItalic.ttf */,
				B77D9CDABA224BBFB9F64293 /* Poppins-Bold.ttf */,
				511B0651A6CA4B3AB65035A6 /* Poppins-BoldItalic.ttf */,
				CE2DD472EF3140A8AFC7D8E5 /* Poppins-ExtraBold.ttf */,
				5BD9E3402A1544168CA2B2FA /* Poppins-ExtraBoldItalic.ttf */,
				B8D8F82A4CF4408BA1D7436C /* Poppins-ExtraLight.ttf */,
				93868A8804D74FACAAACC59B /* Poppins-ExtraLightItalic.ttf */,
				18E467079B6A4BB6B0F562ED /* Poppins-Italic.ttf */,
				3D3919E796CA42649695B3EB /* Poppins-Light.ttf */,
				ADA9DAF5E3D3401998808252 /* Poppins-LightItalic.ttf */,
				449A4975E2234A75BC22688C /* Poppins-Medium.ttf */,
				560C97D03B4548A7BCEEC169 /* Poppins-MediumItalic.ttf */,
				920F9806A740468BA897FF02 /* Poppins-Regular.ttf */,
				CB15A322EEC349A5BDBE89FF /* Poppins-SemiBold.ttf */,
				C958367B5B00406BB9C399F8 /* Poppins-SemiBoldItalic.ttf */,
				EFC7720051FA47B49CCE098E /* Poppins-Thin.ttf */,
				7125566326ED45C28C3A0E4C /* Poppins-ThinItalic.ttf */,
				81817E2B32BE45D0916162B3 /* Montserrat-Black.ttf */,
				5543D423B75D4C34941120F0 /* Montserrat-BlackItalic.ttf */,
				C16BDE96F0D24E4B8CD86D2B /* Montserrat-Bold.ttf */,
				AD99166394FF416396B14731 /* Montserrat-BoldItalic.ttf */,
				1045A7E4712B423393186C88 /* Montserrat-ExtraBold.ttf */,
				83CFA94FE00B443E93E6C7C2 /* Montserrat-ExtraBoldItalic.ttf */,
				EE26B513DF264658B865BEB5 /* Montserrat-ExtraLight.ttf */,
				E828714E061D46DA9CFCC494 /* Montserrat-ExtraLightItalic.ttf */,
				A39BDD647383459097A6EFE8 /* Montserrat-Italic-VariableFont_wght.ttf */,
				212B79D592F64A178F356048 /* Montserrat-Italic.ttf */,
				457D945129034889B6293CCE /* Montserrat-Light.ttf */,
				98417DAB32C04345AE329401 /* Montserrat-LightItalic.ttf */,
				1B6303D475FC4C639B1C7F64 /* Montserrat-Medium.ttf */,
				E374BA91C3A141738E332A3D /* Montserrat-MediumItalic.ttf */,
				53C296A8EE2F41FBA29710FD /* Montserrat-Regular.ttf */,
				3CD6B49506D24ADBB97341DE /* Montserrat-SemiBold.ttf */,
				18A95C8F55B34497BDC57B03 /* Montserrat-SemiBoldItalic.ttf */,
				0AE8FEE77E1C4D66AFF8115A /* Montserrat-Thin.ttf */,
				4B553E9DA2594B36A42A9AD6 /* Montserrat-ThinItalic.ttf */,
				8C8D39C54A2C45BD8914B85D /* Montserrat-VariableFont_wght.ttf */,
			);
			name = Resources;
			sourceTree = "<group>";
		};
		2D16E6871FA4F8E400B85C8A /* Frameworks */ = {
			isa = PBXGroup;
			children = (
				ED297162215061F000B7C4FE /* JavaScriptCore.framework */,
				5DCACB8F33CDC322A6C60F78 /* libPods-begerz.a */,
				19F6CBCC0A4E27FBF8BF4A61 /* libPods-begerz-begerzTests.a */,
			);
			name = Frameworks;
			sourceTree = "<group>";
		};
		832341AE1AAA6A7D00B99B32 /* Libraries */ = {
			isa = PBXGroup;
			children = (
			);
			name = Libraries;
			sourceTree = "<group>";
		};
		83CBB9F61A601CBA00E9B192 = {
			isa = PBXGroup;
			children = (
				13B07FAE1A68108700A75B9A /* begerz */,
				832341AE1AAA6A7D00B99B32 /* Libraries */,
				00E356EF1AD99517003FC87E /* begerzTests */,
				83CBBA001A601CBA00E9B192 /* Products */,
				2D16E6871FA4F8E400B85C8A /* Frameworks */,
				BBD78D7AC51CEA395F1C20DB /* Pods */,
				256258172B86474DB53F0283 /* Resources */,
				F0F81D163EFC6404BDE563EE /* ExpoModulesProviders */,
			);
			indentWidth = 2;
			sourceTree = "<group>";
			tabWidth = 2;
			usesTabs = 0;
		};
		83CBBA001A601CBA00E9B192 /* Products */ = {
			isa = PBXGroup;
			children = (
				13B07F961A680F5B00A75B9A /* begerz.app */,
				00E356EE1AD99517003FC87E /* begerzTests.xctest */,
			);
			name = Products;
			sourceTree = "<group>";
		};
		9C369137AA6FC4AF3B76422E /* begerzTests */ = {
			isa = PBXGroup;
			children = (
				3DA9D22CB524EC401906E8E1 /* ExpoModulesProvider.swift */,
			);
			name = begerzTests;
			sourceTree = "<group>";
		};
		B0C354E26384110DFD033462 /* begerz */ = {
			isa = PBXGroup;
			children = (
				E32327C5488C522D4E4EB750 /* ExpoModulesProvider.swift */,
			);
			name = begerz;
			sourceTree = "<group>";
		};
		BBD78D7AC51CEA395F1C20DB /* Pods */ = {
			isa = PBXGroup;
			children = (
				3B4392A12AC88292D35C810B /* Pods-begerz.debug.xcconfig */,
				5709B34CF0A7D63546082F79 /* Pods-begerz.release.xcconfig */,
				5B7EB9410499542E8C5724F5 /* Pods-begerz-begerzTests.debug.xcconfig */,
				89C6BE57DB24E9ADA2F236DE /* Pods-begerz-begerzTests.release.xcconfig */,
			);
			path = Pods;
			sourceTree = "<group>";
		};
		F0F81D163EFC6404BDE563EE /* ExpoModulesProviders */ = {
			isa = PBXGroup;
			children = (
				B0C354E26384110DFD033462 /* begerz */,
				9C369137AA6FC4AF3B76422E /* begerzTests */,
			);
			name = ExpoModulesProviders;
			sourceTree = "<group>";
		};
/* End PBXGroup section */

/* Begin PBXNativeTarget section */
		00E356ED1AD99517003FC87E /* begerzTests */ = {
			isa = PBXNativeTarget;
			buildConfigurationList = 00E357021AD99517003FC87E /* Build configuration list for PBXNativeTarget "begerzTests" */;
			buildPhases = (
				A55EABD7B0C7F3A422A6CC61 /* [CP] Check Pods Manifest.lock */,
				00E356EA1AD99517003FC87E /* Sources */,
				00E356EB1AD99517003FC87E /* Frameworks */,
				00E356EC1AD99517003FC87E /* Resources */,
				C59DA0FBD6956966B86A3779 /* [CP] Embed Pods Frameworks */,
				F6A41C54EA430FDDC6A6ED99 /* [CP] Copy Pods Resources */,
			);
			buildRules = (
			);
			dependencies = (
				00E356F51AD99517003FC87E /* PBXTargetDependency */,
			);
			name = begerzTests;
			productName = begerzTests;
			productReference = 00E356EE1AD99517003FC87E /* begerzTests.xctest */;
			productType = "com.apple.product-type.bundle.unit-test";
		};
		13B07F861A680F5B00A75B9A /* begerz */ = {
			isa = PBXNativeTarget;
			buildConfigurationList = 13B07F931A680F5B00A75B9A /* Build configuration list for PBXNativeTarget "begerz" */;
			buildPhases = (
				C38B50BA6285516D6DCD4F65 /* [CP] Check Pods Manifest.lock */,
				FD10A7F022414F080027D42C /* Start Packager */,
				13B07F871A680F5B00A75B9A /* Sources */,
				13B07F8C1A680F5B00A75B9A /* Frameworks */,
				13B07F8E1A680F5B00A75B9A /* Resources */,
				00DD1BFF1BD5951E006B06BC /* Bundle React Native code and images */,
				00EEFC60759A1932668264C0 /* [CP] Embed Pods Frameworks */,
				E235C05ADACE081382539298 /* [CP] Copy Pods Resources */,
			);
			buildRules = (
			);
			dependencies = (
			);
			name = begerz;
			productName = begerz;
			productReference = 13B07F961A680F5B00A75B9A /* begerz.app */;
			productType = "com.apple.product-type.application";
		};
/* End PBXNativeTarget section */

/* Begin PBXProject section */
		83CBB9F71A601CBA00E9B192 /* Project object */ = {
			isa = PBXProject;
			attributes = {
				LastUpgradeCheck = 1210;
				TargetAttributes = {
					00E356ED1AD99517003FC87E = {
						CreatedOnToolsVersion = 6.2;
						TestTargetID = 13B07F861A680F5B00A75B9A;
					};
					13B07F861A680F5B00A75B9A = {
						LastSwiftMigration = 1120;
					};
				};
			};
			buildConfigurationList = 83CBB9FA1A601CBA00E9B192 /* Build configuration list for PBXProject "begerz" */;
			compatibilityVersion = "Xcode 12.0";
			developmentRegion = en;
			hasScannedForEncodings = 0;
			knownRegions = (
				en,
				Base,
			);
			mainGroup = 83CBB9F61A601CBA00E9B192;
			productRefGroup = 83CBBA001A601CBA00E9B192 /* Products */;
			projectDirPath = "";
			projectRoot = "";
			targets = (
				13B07F861A680F5B00A75B9A /* begerz */,
				00E356ED1AD99517003FC87E /* begerzTests */,
			);
		};
/* End PBXProject section */

/* Begin PBXResourcesBuildPhase section */
		00E356EC1AD99517003FC87E /* Resources */ = {
			isa = PBXResourcesBuildPhase;
			buildActionMask = 2147483647;
			files = (
			);
			runOnlyForDeploymentPostprocessing = 0;
		};
		13B07F8E1A680F5B00A75B9A /* Resources */ = {
			isa = PBXResourcesBuildPhase;
			buildActionMask = 2147483647;
			files = (
				81AB9BB82411601600AC10FF /* LaunchScreen.storyboard in Resources */,
				13B07FBF1A68108700A75B9A /* Images.xcassets in Resources */,
				A4BBC2F1956D4ECDBF36C730 /* Mulish-Black.ttf in Resources */,
				ED746095AA554CEDA09B0F5D /* Mulish-BlackItalic.ttf in Resources */,
				66D03CE9F3E0473AB0B1D66A /* Mulish-Bold.ttf in Resources */,
				DC920D9199AD4E618347D5B5 /* Mulish-BoldItalic.ttf in Resources */,
				2B41CAA0D1C846258F4D5772 /* Mulish-ExtraBold.ttf in Resources */,
				296CD032BE9E4A8FBE694B70 /* Mulish-ExtraBoldItalic.ttf in Resources */,
				1C506F31C2E74443BB2FA94B /* Mulish-ExtraLight.ttf in Resources */,
				2D03D3AC3A494772AB466B36 /* Mulish-ExtraLightItalic.ttf in Resources */,
				2501D6F5EE15423B9DE4170B /* Mulish-Italic-VariableFont_wght.ttf in Resources */,
				75420A3238E244E3BF5B968C /* Mulish-Italic.ttf in Resources */,
				B587576EDF5F401FBC052105 /* Mulish-Light.ttf in Resources */,
				19B8B26503CA4CEB855C5E93 /* Mulish-LightItalic.ttf in Resources */,
				452DE676036149C08FBFB823 /* Mulish-Medium.ttf in Resources */,
				9CC835F550CF4B21A504B999 /* Mulish-MediumItalic.ttf in Resources */,
				C0DB3299780A470DBBE7CBB5 /* Mulish-Regular.ttf in Resources */,
				FC28D23DF3D1467EA6BF00BF /* Mulish-SemiBold.ttf in Resources */,
				DCC331E75B5644A4B2649E56 /* Mulish-SemiBoldItalic.ttf in Resources */,
				E3BEE1700CBB4EBB8F2138F8 /* Mulish-VariableFont_wght.ttf in Resources */,
				630EB48B302743F6AC08FE59 /* Poppins-Black.ttf in Resources */,
				FDFCAB49844E49F3BE340A87 /* Poppins-BlackItalic.ttf in Resources */,
				CD2CCE7A87D94DDCB3913BC3 /* Poppins-Bold.ttf in Resources */,
				8E1871BA8F7E45DF80650791 /* Poppins-BoldItalic.ttf in Resources */,
				F7E948049B534D06BE4BCCB1 /* Poppins-ExtraBold.ttf in Resources */,
				2459FC7DF89D4998A5D4BEAA /* Poppins-ExtraBoldItalic.ttf in Resources */,
				1571803D9C8242E0B7BCB6E6 /* Poppins-ExtraLight.ttf in Resources */,
				FE174A5257F048B4BFE41BD9 /* Poppins-ExtraLightItalic.ttf in Resources */,
				614F9C8E49B643C6B41C2B8C /* Poppins-Italic.ttf in Resources */,
				E338E382F8284F20A70E093C /* Poppins-Light.ttf in Resources */,
				7A76325583854E6B9A4D44D5 /* Poppins-LightItalic.ttf in Resources */,
				3240B6EFD571495DBB73AB67 /* Poppins-Medium.ttf in Resources */,
				78F88002A32E40E0AB9FED59 /* Poppins-MediumItalic.ttf in Resources */,
				41BD28994E894DC5ABB2C3D1 /* Poppins-Regular.ttf in Resources */,
				8C5BB87C28FA49E9AA07B32B /* Poppins-SemiBold.ttf in Resources */,
				DA23827335394657B668A9E6 /* Poppins-SemiBoldItalic.ttf in Resources */,
				0593C047F59643B8BBFB355A /* Poppins-Thin.ttf in Resources */,
				A15D7542440646CCB4A06ED6 /* Poppins-ThinItalic.ttf in Resources */,
				1D7154746734498BA283156D /* Montserrat-Black.ttf in Resources */,
				8F626F4641CB43438BE25950 /* Montserrat-BlackItalic.ttf in Resources */,
				D8FB37F65C1547EBB4813E3F /* Montserrat-Bold.ttf in Resources */,
				682DFE285B884DE19BB6B99D /* Montserrat-BoldItalic.ttf in Resources */,
				8B40D445869D468486F5C54F /* Montserrat-ExtraBold.ttf in Resources */,
				13CFEBBEDD004C70A7095E7C /* Montserrat-ExtraBoldItalic.ttf in Resources */,
				F75CC47CB6B04E8BA80C3AE7 /* Montserrat-ExtraLight.ttf in Resources */,
				EEA7542CF82D4150BA8532A7 /* Montserrat-ExtraLightItalic.ttf in Resources */,
				6CF8DFAC48244E37A56EF439 /* Montserrat-Italic-VariableFont_wght.ttf in Resources */,
				6C083764119D406AB6FF38CC /* Montserrat-Italic.ttf in Resources */,
				AF2728A4200B4E72A25235AD /* Montserrat-Light.ttf in Resources */,
				FF61A47573E9429C9BF15F5B /* Montserrat-LightItalic.ttf in Resources */,
				3A9C4C166A174A4AB7537DEF /* Montserrat-Medium.ttf in Resources */,
				EE1A8C21DCBA4C2283CD754A /* Montserrat-MediumItalic.ttf in Resources */,
				60E5DC61DA944E8DB4D3F91C /* Montserrat-Regular.ttf in Resources */,
				36F13036E61942A3A423C1C0 /* Montserrat-SemiBold.ttf in Resources */,
				BB8A5A94EAE440E0AF80E1BB /* Montserrat-SemiBoldItalic.ttf in Resources */,
				9C684D18D1604512A8282D32 /* Montserrat-Thin.ttf in Resources */,
				568D95D373FA4155AEBF6F4A /* Montserrat-ThinItalic.ttf in Resources */,
				8E5FB8BF7BCB4489B988DE01 /* Montserrat-VariableFont_wght.ttf in Resources */,
			);
			runOnlyForDeploymentPostprocessing = 0;
		};
/* End PBXResourcesBuildPhase section */

/* Begin PBXShellScriptBuildPhase section */
		00DD1BFF1BD5951E006B06BC /* Bundle React Native code and images */ = {
			isa = PBXShellScriptBuildPhase;
			buildActionMask = 2147483647;
			files = (
			);
			inputPaths = (
			);
			name = "Bundle React Native code and images";
			outputPaths = (
			);
			runOnlyForDeploymentPostprocessing = 0;
			shellPath = /bin/sh;
			shellScript = "set -e\n\nexport NODE_BINARY=node\n../node_modules/react-native/scripts/react-native-xcode.sh\n";
		};
		00EEFC60759A1932668264C0 /* [CP] Embed Pods Frameworks */ = {
			isa = PBXShellScriptBuildPhase;
			buildActionMask = 2147483647;
			files = (
			);
			inputFileListPaths = (
				"${PODS_ROOT}/Target Support Files/Pods-begerz/Pods-begerz-frameworks-${CONFIGURATION}-input-files.xcfilelist",
			);
			name = "[CP] Embed Pods Frameworks";
			outputFileListPaths = (
				"${PODS_ROOT}/Target Support Files/Pods-begerz/Pods-begerz-frameworks-${CONFIGURATION}-output-files.xcfilelist",
			);
			runOnlyForDeploymentPostprocessing = 0;
			shellPath = /bin/sh;
			shellScript = "\"${PODS_ROOT}/Target Support Files/Pods-begerz/Pods-begerz-frameworks.sh\"\n";
			showEnvVarsInLog = 0;
		};
		A55EABD7B0C7F3A422A6CC61 /* [CP] Check Pods Manifest.lock */ = {
			isa = PBXShellScriptBuildPhase;
			buildActionMask = 2147483647;
			files = (
			);
			inputFileListPaths = (
			);
			inputPaths = (
				"${PODS_PODFILE_DIR_PATH}/Podfile.lock",
				"${PODS_ROOT}/Manifest.lock",
			);
			name = "[CP] Check Pods Manifest.lock";
			outputFileListPaths = (
			);
			outputPaths = (
				"$(DERIVED_FILE_DIR)/Pods-begerz-begerzTests-checkManifestLockResult.txt",
			);
			runOnlyForDeploymentPostprocessing = 0;
			shellPath = /bin/sh;
			shellScript = "diff \"${PODS_PODFILE_DIR_PATH}/Podfile.lock\" \"${PODS_ROOT}/Manifest.lock\" > /dev/null\nif [ $? != 0 ] ; then\n    # print error to STDERR\n    echo \"error: The sandbox is not in sync with the Podfile.lock. Run 'pod install' or update your CocoaPods installation.\" >&2\n    exit 1\nfi\n# This output is used by Xcode 'outputs' to avoid re-running this script phase.\necho \"SUCCESS\" > \"${SCRIPT_OUTPUT_FILE_0}\"\n";
			showEnvVarsInLog = 0;
		};
		C38B50BA6285516D6DCD4F65 /* [CP] Check Pods Manifest.lock */ = {
			isa = PBXShellScriptBuildPhase;
			buildActionMask = 2147483647;
			files = (
			);
			inputFileListPaths = (
			);
			inputPaths = (
				"${PODS_PODFILE_DIR_PATH}/Podfile.lock",
				"${PODS_ROOT}/Manifest.lock",
			);
			name = "[CP] Check Pods Manifest.lock";
			outputFileListPaths = (
			);
			outputPaths = (
				"$(DERIVED_FILE_DIR)/Pods-begerz-checkManifestLockResult.txt",
			);
			runOnlyForDeploymentPostprocessing = 0;
			shellPath = /bin/sh;
			shellScript = "diff \"${PODS_PODFILE_DIR_PATH}/Podfile.lock\" \"${PODS_ROOT}/Manifest.lock\" > /dev/null\nif [ $? != 0 ] ; then\n    # print error to STDERR\n    echo \"error: The sandbox is not in sync with the Podfile.lock. Run 'pod install' or update your CocoaPods installation.\" >&2\n    exit 1\nfi\n# This output is used by Xcode 'outputs' to avoid re-running this script phase.\necho \"SUCCESS\" > \"${SCRIPT_OUTPUT_FILE_0}\"\n";
			showEnvVarsInLog = 0;
		};
		C59DA0FBD6956966B86A3779 /* [CP] Embed Pods Frameworks */ = {
			isa = PBXShellScriptBuildPhase;
			buildActionMask = 2147483647;
			files = (
			);
			inputFileListPaths = (
				"${PODS_ROOT}/Target Support Files/Pods-begerz-begerzTests/Pods-begerz-begerzTests-frameworks-${CONFIGURATION}-input-files.xcfilelist",
			);
			name = "[CP] Embed Pods Frameworks";
			outputFileListPaths = (
				"${PODS_ROOT}/Target Support Files/Pods-begerz-begerzTests/Pods-begerz-begerzTests-frameworks-${CONFIGURATION}-output-files.xcfilelist",
			);
			runOnlyForDeploymentPostprocessing = 0;
			shellPath = /bin/sh;
			shellScript = "\"${PODS_ROOT}/Target Support Files/Pods-begerz-begerzTests/Pods-begerz-begerzTests-frameworks.sh\"\n";
			showEnvVarsInLog = 0;
		};
		E235C05ADACE081382539298 /* [CP] Copy Pods Resources */ = {
			isa = PBXShellScriptBuildPhase;
			buildActionMask = 2147483647;
			files = (
			);
			inputFileListPaths = (
				"${PODS_ROOT}/Target Support Files/Pods-begerz/Pods-begerz-resources-${CONFIGURATION}-input-files.xcfilelist",
			);
			name = "[CP] Copy Pods Resources";
			outputFileListPaths = (
				"${PODS_ROOT}/Target Support Files/Pods-begerz/Pods-begerz-resources-${CONFIGURATION}-output-files.xcfilelist",
			);
			runOnlyForDeploymentPostprocessing = 0;
			shellPath = /bin/sh;
			shellScript = "\"${PODS_ROOT}/Target Support Files/Pods-begerz/Pods-begerz-resources.sh\"\n";
			showEnvVarsInLog = 0;
		};
		F6A41C54EA430FDDC6A6ED99 /* [CP] Copy Pods Resources */ = {
			isa = PBXShellScriptBuildPhase;
			buildActionMask = 2147483647;
			files = (
			);
			inputFileListPaths = (
				"${PODS_ROOT}/Target Support Files/Pods-begerz-begerzTests/Pods-begerz-begerzTests-resources-${CONFIGURATION}-input-files.xcfilelist",
			);
			name = "[CP] Copy Pods Resources";
			outputFileListPaths = (
				"${PODS_ROOT}/Target Support Files/Pods-begerz-begerzTests/Pods-begerz-begerzTests-resources-${CONFIGURATION}-output-files.xcfilelist",
			);
			runOnlyForDeploymentPostprocessing = 0;
			shellPath = /bin/sh;
			shellScript = "\"${PODS_ROOT}/Target Support Files/Pods-begerz-begerzTests/Pods-begerz-begerzTests-resources.sh\"\n";
			showEnvVarsInLog = 0;
		};
		FD10A7F022414F080027D42C /* Start Packager */ = {
			isa = PBXShellScriptBuildPhase;
			buildActionMask = 2147483647;
			files = (
			);
			inputFileListPaths = (
			);
			inputPaths = (
			);
			name = "Start Packager";
			outputFileListPaths = (
			);
			outputPaths = (
			);
			runOnlyForDeploymentPostprocessing = 0;
			shellPath = /bin/sh;
			shellScript = "export RCT_METRO_PORT=\"${RCT_METRO_PORT:=8081}\"\necho \"export RCT_METRO_PORT=${RCT_METRO_PORT}\" > \"${SRCROOT}/../node_modules/react-native/scripts/.packager.env\"\nif [ -z \"${RCT_NO_LAUNCH_PACKAGER+xxx}\" ] ; then\n  if nc -w 5 -z localhost ${RCT_METRO_PORT} ; then\n    if ! curl -s \"http://localhost:${RCT_METRO_PORT}/status\" | grep -q \"packager-status:running\" ; then\n      echo \"Port ${RCT_METRO_PORT} already in use, packager is either not running or not running correctly\"\n      exit 2\n    fi\n  else\n    open \"$SRCROOT/../node_modules/react-native/scripts/launchPackager.command\" || echo \"Can't start packager automatically\"\n  fi\nfi\n";
			showEnvVarsInLog = 0;
		};
/* End PBXShellScriptBuildPhase section */

/* Begin PBXSourcesBuildPhase section */
		00E356EA1AD99517003FC87E /* Sources */ = {
			isa = PBXSourcesBuildPhase;
			buildActionMask = 2147483647;
			files = (
				00E356F31AD99517003FC87E /* begerzTests.m in Sources */,
				E19B5CEDD263CF0C1A47FDAE /* ExpoModulesProvider.swift in Sources */,
			);
			runOnlyForDeploymentPostprocessing = 0;
		};
		13B07F871A680F5B00A75B9A /* Sources */ = {
			isa = PBXSourcesBuildPhase;
			buildActionMask = 2147483647;
			files = (
				13B07FBC1A68108700A75B9A /* AppDelegate.mm in Sources */,
				13B07FC11A68108700A75B9A /* main.m in Sources */,
				2464416AEBF7923B5D25C0D8 /* ExpoModulesProvider.swift in Sources */,
			);
			runOnlyForDeploymentPostprocessing = 0;
		};
/* End PBXSourcesBuildPhase section */

/* Begin PBXTargetDependency section */
		00E356F51AD99517003FC87E /* PBXTargetDependency */ = {
			isa = PBXTargetDependency;
			target = 13B07F861A680F5B00A75B9A /* begerz */;
			targetProxy = 00E356F41AD99517003FC87E /* PBXContainerItemProxy */;
		};
/* End PBXTargetDependency section */

/* Begin XCBuildConfiguration section */
		00E356F61AD99517003FC87E /* Debug */ = {
			isa = XCBuildConfiguration;
			baseConfigurationReference = 5B7EB9410499542E8C5724F5 /* Pods-begerz-begerzTests.debug.xcconfig */;
			buildSettings = {
				BUNDLE_LOADER = "$(TEST_HOST)";
				GCC_PREPROCESSOR_DEFINITIONS = (
					"DEBUG=1",
					"$(inherited)",
				);
				INFOPLIST_FILE = begerzTests/Info.plist;
				IPHONEOS_DEPLOYMENT_TARGET = 12.0;
				LD_RUNPATH_SEARCH_PATHS = (
					"$(inherited)",
					"@executable_path/Frameworks",
					"@loader_path/Frameworks",
				);
				OTHER_LDFLAGS = (
					"-ObjC",
					"-lc++",
					"$(inherited)",
				);
				OTHER_SWIFT_FLAGS = "$(inherited) -D EXPO_CONFIGURATION_DEBUG";
				PRODUCT_BUNDLE_IDENTIFIER = "org.reactjs.native.example.$(PRODUCT_NAME:rfc1034identifier)";
				PRODUCT_NAME = "$(TARGET_NAME)";
				TEST_HOST = "$(BUILT_PRODUCTS_DIR)/begerz.app/begerz";
			};
			name = Debug;
		};
		00E356F71AD99517003FC87E /* Release */ = {
			isa = XCBuildConfiguration;
			baseConfigurationReference = 89C6BE57DB24E9ADA2F236DE /* Pods-begerz-begerzTests.release.xcconfig */;
			buildSettings = {
				BUNDLE_LOADER = "$(TEST_HOST)";
				COPY_PHASE_STRIP = NO;
				INFOPLIST_FILE = begerzTests/Info.plist;
				IPHONEOS_DEPLOYMENT_TARGET = 12.0;
				LD_RUNPATH_SEARCH_PATHS = (
					"$(inherited)",
					"@executable_path/Frameworks",
					"@loader_path/Frameworks",
				);
				OTHER_LDFLAGS = (
					"-ObjC",
					"-lc++",
					"$(inherited)",
				);
				OTHER_SWIFT_FLAGS = "$(inherited) -D EXPO_CONFIGURATION_RELEASE";
				PRODUCT_BUNDLE_IDENTIFIER = "org.reactjs.native.example.$(PRODUCT_NAME:rfc1034identifier)";
				PRODUCT_NAME = "$(TARGET_NAME)";
				TEST_HOST = "$(BUILT_PRODUCTS_DIR)/begerz.app/begerz";
			};
			name = Release;
		};
		13B07F941A680F5B00A75B9A /* Debug */ = {
			isa = XCBuildConfiguration;
			baseConfigurationReference = 3B4392A12AC88292D35C810B /* Pods-begerz.debug.xcconfig */;
			buildSettings = {
				ASSETCATALOG_COMPILER_APPICON_NAME = AppIcon;
				CLANG_ENABLE_MODULES = YES;
				CURRENT_PROJECT_VERSION = 2022071702;
				DEVELOPMENT_TEAM = 5J36559NJW;
				ENABLE_BITCODE = NO;
				INFOPLIST_FILE = begerz/Info.plist;
				LD_RUNPATH_SEARCH_PATHS = (
					"$(inherited)",
					"@executable_path/Frameworks",
				);
				MARKETING_VERSION = 1.0;
				OTHER_LDFLAGS = (
					"$(inherited)",
					"-ObjC",
					"-lc++",
				);
				OTHER_SWIFT_FLAGS = "$(inherited) -D EXPO_CONFIGURATION_DEBUG";
				PRODUCT_BUNDLE_IDENTIFIER = co.tepia.begerz1;
				PRODUCT_NAME = begerz;
				SWIFT_OPTIMIZATION_LEVEL = "-Onone";
				SWIFT_VERSION = 5.0;
				VERSIONING_SYSTEM = "apple-generic";
			};
			name = Debug;
		};
		13B07F951A680F5B00A75B9A /* Release */ = {
			isa = XCBuildConfiguration;
			baseConfigurationReference = 5709B34CF0A7D63546082F79 /* Pods-begerz.release.xcconfig */;
			buildSettings = {
				ASSETCATALOG_COMPILER_APPICON_NAME = AppIcon;
				CLANG_ENABLE_MODULES = YES;
				CURRENT_PROJECT_VERSION = 2022071702;
				DEVELOPMENT_TEAM = 5J36559NJW;
				ENABLE_BITCODE = NO;
				INFOPLIST_FILE = begerz/Info.plist;
				LD_RUNPATH_SEARCH_PATHS = (
					"$(inherited)",
					"@executable_path/Frameworks",
				);
				MARKETING_VERSION = 1.0;
				OTHER_LDFLAGS = (
					"$(inherited)",
					"-ObjC",
					"-lc++",
				);
				OTHER_SWIFT_FLAGS = "$(inherited) -D EXPO_CONFIGURATION_RELEASE";
				PRODUCT_BUNDLE_IDENTIFIER = co.tepia.begerz1;
				PRODUCT_NAME = begerz;
				SWIFT_VERSION = 5.0;
				VERSIONING_SYSTEM = "apple-generic";
			};
			name = Release;
		};
		83CBBA201A601CBA00E9B192 /* Debug */ = {
			isa = XCBuildConfiguration;
			buildSettings = {
				ALWAYS_SEARCH_USER_PATHS = NO;
				CLANG_ANALYZER_LOCALIZABILITY_NONLOCALIZED = YES;
				CLANG_CXX_LANGUAGE_STANDARD = "c++17";
				CLANG_CXX_LIBRARY = "libc++";
				CLANG_ENABLE_MODULES = YES;
				CLANG_ENABLE_OBJC_ARC = YES;
				CLANG_WARN_BLOCK_CAPTURE_AUTORELEASING = YES;
				CLANG_WARN_BOOL_CONVERSION = YES;
				CLANG_WARN_COMMA = YES;
				CLANG_WARN_CONSTANT_CONVERSION = YES;
				CLANG_WARN_DEPRECATED_OBJC_IMPLEMENTATIONS = YES;
				CLANG_WARN_DIRECT_OBJC_ISA_USAGE = YES_ERROR;
				CLANG_WARN_EMPTY_BODY = YES;
				CLANG_WARN_ENUM_CONVERSION = YES;
				CLANG_WARN_INFINITE_RECURSION = YES;
				CLANG_WARN_INT_CONVERSION = YES;
				CLANG_WARN_NON_LITERAL_NULL_CONVERSION = YES;
				CLANG_WARN_OBJC_IMPLICIT_RETAIN_SELF = YES;
				CLANG_WARN_OBJC_LITERAL_CONVERSION = YES;
				CLANG_WARN_OBJC_ROOT_CLASS = YES_ERROR;
				CLANG_WARN_QUOTED_INCLUDE_IN_FRAMEWORK_HEADER = YES;
				CLANG_WARN_RANGE_LOOP_ANALYSIS = YES;
				CLANG_WARN_STRICT_PROTOTYPES = YES;
				CLANG_WARN_SUSPICIOUS_MOVE = YES;
				CLANG_WARN_UNREACHABLE_CODE = YES;
				CLANG_WARN__DUPLICATE_METHOD_MATCH = YES;
				"CODE_SIGN_IDENTITY[sdk=iphoneos*]" = "iPhone Developer";
				COPY_PHASE_STRIP = NO;
				ENABLE_STRICT_OBJC_MSGSEND = YES;
				ENABLE_TESTABILITY = YES;
				"EXCLUDED_ARCHS[sdk=iphonesimulator*]" = "";
				GCC_C_LANGUAGE_STANDARD = gnu99;
				GCC_DYNAMIC_NO_PIC = NO;
				GCC_NO_COMMON_BLOCKS = YES;
				GCC_OPTIMIZATION_LEVEL = 0;
				GCC_PREPROCESSOR_DEFINITIONS = (
					"DEBUG=1",
					"$(inherited)",
				);
				GCC_SYMBOLS_PRIVATE_EXTERN = NO;
				GCC_WARN_64_TO_32_BIT_CONVERSION = YES;
				GCC_WARN_ABOUT_RETURN_TYPE = YES_ERROR;
				GCC_WARN_UNDECLARED_SELECTOR = YES;
				GCC_WARN_UNINITIALIZED_AUTOS = YES_AGGRESSIVE;
				GCC_WARN_UNUSED_FUNCTION = YES;
				GCC_WARN_UNUSED_VARIABLE = YES;
				IPHONEOS_DEPLOYMENT_TARGET = 12.0;
				LD_RUNPATH_SEARCH_PATHS = (
					/usr/lib/swift,
					"$(inherited)",
				);
				LIBRARY_SEARCH_PATHS = (
					"\"$(SDKROOT)/usr/lib/swift\"",
					"\"$(TOOLCHAIN_DIR)/usr/lib/swift/$(PLATFORM_NAME)\"",
					"\"$(inherited)\"",
				);
				MTL_ENABLE_DEBUG_INFO = YES;
				ONLY_ACTIVE_ARCH = YES;
				OTHER_CPLUSPLUSFLAGS = (
					"$(OTHER_CFLAGS)",
					"-DFOLLY_NO_CONFIG",
					"-DFOLLY_MOBILE=1",
					"-DFOLLY_USE_LIBCPP=1",
				);
				SDKROOT = iphoneos;
			};
			name = Debug;
		};
		83CBBA211A601CBA00E9B192 /* Release */ = {
			isa = XCBuildConfiguration;
			buildSettings = {
				ALWAYS_SEARCH_USER_PATHS = NO;
				CLANG_ANALYZER_LOCALIZABILITY_NONLOCALIZED = YES;
				CLANG_CXX_LANGUAGE_STANDARD = "c++17";
				CLANG_CXX_LIBRARY = "libc++";
				CLANG_ENABLE_MODULES = YES;
				CLANG_ENABLE_OBJC_ARC = YES;
				CLANG_WARN_BLOCK_CAPTURE_AUTORELEASING = YES;
				CLANG_WARN_BOOL_CONVERSION = YES;
				CLANG_WARN_COMMA = YES;
				CLANG_WARN_CONSTANT_CONVERSION = YES;
				CLANG_WARN_DEPRECATED_OBJC_IMPLEMENTATIONS = YES;
				CLANG_WARN_DIRECT_OBJC_ISA_USAGE = YES_ERROR;
				CLANG_WARN_EMPTY_BODY = YES;
				CLANG_WARN_ENUM_CONVERSION = YES;
				CLANG_WARN_INFINITE_RECURSION = YES;
				CLANG_WARN_INT_CONVERSION = YES;
				CLANG_WARN_NON_LITERAL_NULL_CONVERSION = YES;
				CLANG_WARN_OBJC_IMPLICIT_RETAIN_SELF = YES;
				CLANG_WARN_OBJC_LITERAL_CONVERSION = YES;
				CLANG_WARN_OBJC_ROOT_CLASS = YES_ERROR;
				CLANG_WARN_QUOTED_INCLUDE_IN_FRAMEWORK_HEADER = YES;
				CLANG_WARN_RANGE_LOOP_ANALYSIS = YES;
				CLANG_WARN_STRICT_PROTOTYPES = YES;
				CLANG_WARN_SUSPICIOUS_MOVE = YES;
				CLANG_WARN_UNREACHABLE_CODE = YES;
				CLANG_WARN__DUPLICATE_METHOD_MATCH = YES;
				"CODE_SIGN_IDENTITY[sdk=iphoneos*]" = "iPhone Developer";
				COPY_PHASE_STRIP = YES;
				ENABLE_NS_ASSERTIONS = NO;
				ENABLE_STRICT_OBJC_MSGSEND = YES;
				"EXCLUDED_ARCHS[sdk=iphonesimulator*]" = "";
				GCC_C_LANGUAGE_STANDARD = gnu99;
				GCC_NO_COMMON_BLOCKS = YES;
				GCC_WARN_64_TO_32_BIT_CONVERSION = YES;
				GCC_WARN_ABOUT_RETURN_TYPE = YES_ERROR;
				GCC_WARN_UNDECLARED_SELECTOR = YES;
				GCC_WARN_UNINITIALIZED_AUTOS = YES_AGGRESSIVE;
				GCC_WARN_UNUSED_FUNCTION = YES;
				GCC_WARN_UNUSED_VARIABLE = YES;
				IPHONEOS_DEPLOYMENT_TARGET = 12.0;
				LD_RUNPATH_SEARCH_PATHS = (
					/usr/lib/swift,
					"$(inherited)",
				);
				LIBRARY_SEARCH_PATHS = (
					"\"$(SDKROOT)/usr/lib/swift\"",
					"\"$(TOOLCHAIN_DIR)/usr/lib/swift/$(PLATFORM_NAME)\"",
					"\"$(inherited)\"",
				);
				MTL_ENABLE_DEBUG_INFO = NO;
				OTHER_CPLUSPLUSFLAGS = (
					"$(OTHER_CFLAGS)",
					"-DFOLLY_NO_CONFIG",
					"-DFOLLY_MOBILE=1",
					"-DFOLLY_USE_LIBCPP=1",
				);
				SDKROOT = iphoneos;
				VALIDATE_PRODUCT = YES;
			};
			name = Release;
		};
/* End XCBuildConfiguration section */

/* Begin XCConfigurationList section */
		00E357021AD99517003FC87E /* Build configuration list for PBXNativeTarget "begerzTests" */ = {
			isa = XCConfigurationList;
			buildConfigurations = (
				00E356F61AD99517003FC87E /* Debug */,
				00E356F71AD99517003FC87E /* Release */,
			);
			defaultConfigurationIsVisible = 0;
			defaultConfigurationName = Release;
		};
		13B07F931A680F5B00A75B9A /* Build configuration list for PBXNativeTarget "begerz" */ = {
			isa = XCConfigurationList;
			buildConfigurations = (
				13B07F941A680F5B00A75B9A /* Debug */,
				13B07F951A680F5B00A75B9A /* Release */,
			);
			defaultConfigurationIsVisible = 0;
			defaultConfigurationName = Release;
		};
		83CBB9FA1A601CBA00E9B192 /* Build configuration list for PBXProject "begerz" */ = {
			isa = XCConfigurationList;
			buildConfigurations = (
				83CBBA201A601CBA00E9B192 /* Debug */,
				83CBBA211A601CBA00E9B192 /* Release */,
			);
			defaultConfigurationIsVisible = 0;
			defaultConfigurationName = Release;
		};
/* End XCConfigurationList section */
	};
	rootObject = 83CBB9F71A601CBA00E9B192 /* Project object */;
}
